
Microsoft Visual Studio Solution File, Format Version 12.00
# Visual Studio Version 17
VisualStudioVersion = 17.7.34024.191
MinimumVisualStudioVersion = 10.0.40219.1
Project("{FAE04EC0-301F-11D3-BF4B-00C04F79EFBC}") = "A1VaniKhanna", "A1VaniKhanna\A1VaniKhanna.csproj", "{E9E814CD-C035-4F1B-B374-69E32548B5E3}"
EndProject
Global
	GlobalSection(SolutionConfigurationPlatforms) = preSolution
		Debug|Any CPU = Debug|Any CPU
		Release|Any CPU = Release|Any CPU
	EndGlobalSection
	GlobalSection(ProjectConfigurationPlatforms) = postSolution
		{E9E814CD-C035-4F1B-B374-69E32548B5E3}.Debug|Any CPU.ActiveCfg = Debug|Any CPU
		{E9E814CD-C035-4F1B-B374-69E32548B5E3}.Debug|Any CPU.Build.0 = Debug|Any CPU
		{E9E814CD-C035-4F1B-B374-69E32548B5E3}.Release|Any CPU.ActiveCfg = Release|Any CPU
		{E9E814CD-C035-4F1B-B374-69E32548B5E3}.Release|Any CPU.Build.0 = Release|Any CPU
	EndGlobalSection
	GlobalSection(SolutionProperties) = preSolution
		HideSolutionNode = FALSE
	EndGlobalSection
	GlobalSection(ExtensibilityGlobals) = postSolution
		SolutionGuid = {D4FE9526-87AB-465A-8F0C-682890E6BE3D}
	EndGlobalSection
EndGlobal
